# @generated by Move, please check-in and do not edit manually.

[move]
version = 2
manifest_digest = "1E2FE365AAB92256BDE51621D56E313501B8BEA7C094FEE1E84C9EAED35C1167"
deps_digest = "F8BBB0CCB2491CA29A3DF03D6F92277A4F3574266507ACD77214D37ECA3F3082"
dependencies = [
  { name = "Sui" },
]

[[move.package]]
name = "MoveStdlib"
source = { git = "https://github.com/MystenLabs/sui.git", rev = "testnet", subdir = "crates/sui-framework/packages/move-stdlib" }

[[move.package]]
name = "Sui"
source = { git = "https://github.com/MystenLabs/sui.git", rev = "testnet", subdir = "crates/sui-framework/packages/sui-framework" }

dependencies = [
  { name = "MoveStdlib" },
]

[move.toolchain-version]
compiler-version = "1.26.0"
edition = "2024.beta"
flavor = "sui"

[env]

[env.devnet]
chain-id = "bd665407"
original-published-id = "0x804eb6e4929f50c62ee82ec4d51da0a84c486bc9d4ff0ff58478eecb01b61f09"
latest-published-id = "0x804eb6e4929f50c62ee82ec4d51da0a84c486bc9d4ff0ff58478eecb01b61f09"
published-version = "1"

[env.testnet]
chain-id = "4c78adac"
original-published-id = "0x2347dc9f3faae1a62a3bfb5d66005a02cb017fd32768e1c63a0e120160020f5e"
latest-published-id = "0x2347dc9f3faae1a62a3bfb5d66005a02cb017fd32768e1c63a0e120160020f5e"
published-version = "1"
